
Microsoft Visual Studio Solution File, Format Version 12.00
Project("{FAE04EC0-301F-11D3-BF4B-00C04F79EFBC}") = "SubnauticaEnhancer", "SubnauticaEnhancer.csproj", "{5AC463A6-D10A-486C-AE9F-B4BA364CA438}"
EndProject
Global
	GlobalSection(SolutionConfigurationPlatforms) = preSolution
		Debug|Any CPU = Debug|Any CPU
		Release|Any CPU = Release|Any CPU
	EndGlobalSection
	GlobalSection(ProjectConfigurationPlatforms) = postSolution
		{5AC463A6-D10A-486C-AE9F-B4BA364CA438}.Debug|Any CPU.ActiveCfg = Debug|Any CPU
		{5AC463A6-D10A-486C-AE9F-B4BA364CA438}.Debug|Any CPU.Build.0 = Debug|Any CPU
		{5AC463A6-D10A-486C-AE9F-B4BA364CA438}.Release|Any CPU.ActiveCfg = Release|Any CPU
		{5AC463A6-D10A-486C-AE9F-B4BA364CA438}.Release|Any CPU.Build.0 = Release|Any CPU
	EndGlobalSection
EndGlobal
